
Microsoft Visual Studio Solution File, Format Version 12.00
# Visual Studio Version 17
VisualStudioVersion = 17.1.32328.378
MinimumVisualStudioVersion = 10.0.40219.1
Project("{FAE04EC0-301F-11D3-BF4B-00C04F79EFBC}") = "PZ_6", "PZ_6\PZ_6.csproj", "{6424F486-D2D9-4BBC-B84A-08745E06604F}"
EndProject
Global
	GlobalSection(SolutionConfigurationPlatforms) = preSolution
		Debug|Any CPU = Debug|Any CPU
		Release|Any CPU = Release|Any CPU
	EndGlobalSection
	GlobalSection(ProjectConfigurationPlatforms) = postSolution
		{6424F486-D2D9-4BBC-B84A-08745E06604F}.Debug|Any CPU.ActiveCfg = Debug|Any CPU
		{6424F486-D2D9-4BBC-B84A-08745E06604F}.Debug|Any CPU.Build.0 = Debug|Any CPU
		{6424F486-D2D9-4BBC-B84A-08745E06604F}.Release|Any CPU.ActiveCfg = Release|Any CPU
		{6424F486-D2D9-4BBC-B84A-08745E06604F}.Release|Any CPU.Build.0 = Release|Any CPU
	EndGlobalSection
	GlobalSection(SolutionProperties) = preSolution
		HideSolutionNode = FALSE
	EndGlobalSection
	GlobalSection(ExtensibilityGlobals) = postSolution
		SolutionGuid = {B6898F3A-9DA6-473C-8595-85E1B8D01327}
	EndGlobalSection
EndGlobal
